<?xml version="1.0" encoding="utf-8"?>
<Project ToolsVersion="4.0" xmlns="http://schemas.microsoft.com/developer/msbuild/2003">
  <ItemGroup>
    <Filter Include="源文件">
      <UniqueIdentifier>{4FC737F1-C7A5-4376-A066-2A32D752A2FF}</UniqueIdentifier>
      <Extensions>cpp;c;cc;cxx;c++;cppm;ixx;def;odl;idl;hpj;bat;asm;asmx</Extensions>
    </Filter>
    <Filter Include="头文件">
      <UniqueIdentifier>{93995380-89BD-4b04-88EB-625FBE52EBFB}</UniqueIdentifier>
      <Extensions>h;hh;hpp;hxx;h++;hm;inl;inc;ipp;xsd</Extensions>
    </Filter>
    <Filter Include="资源文件">
      <UniqueIdentifier>{67DA6AB6-F800-4c08-8B7A-83BB121AAD01}</UniqueIdentifier>
      <Extensions>rc;ico;cur;bmp;dlg;rc2;rct;bin;rgs;gif;jpg;jpeg;jpe;resx;tiff;tif;png;wav;mfcribbon-ms</Extensions>
    </Filter>
    <Filter Include="源文件\DataRW">
      <UniqueIdentifier>{fec18ee7-11b8-4220-a394-8dd6dbfdc6d1}</UniqueIdentifier>
    </Filter>
    <Filter Include="头文件\DataRW">
      <UniqueIdentifier>{27ba2652-6d6d-4766-8a0b-f969ef41741b}</UniqueIdentifier>
    </Filter>
    <Filter Include="源文件\Game">
      <UniqueIdentifier>{b7086aec-d9b4-4ae5-b7a2-98784ad5414b}</UniqueIdentifier>
    </Filter>
    <Filter Include="头文件\Game">
      <UniqueIdentifier>{8cfa571d-cee1-441e-abf9-f11f5bc3c3b7}</UniqueIdentifier>
    </Filter>
    <Filter Include="头文件\Edit">
      <UniqueIdentifier>{36224201-c005-4d18-a8f6-e57de34f4977}</UniqueIdentifier>
    </Filter>
    <Filter Include="源文件\Edit">
      <UniqueIdentifier>{d1e8bdfa-12d9-4582-9348-61309aad761d}</UniqueIdentifier>
    </Filter>
    <Filter Include="头文件\Layout">
      <UniqueIdentifier>{890bf751-6f49-446a-8d65-7026e7d88b63}</UniqueIdentifier>
    </Filter>
    <Filter Include="源文件\Layout">
      <UniqueIdentifier>{fe30ea89-1a2d-462e-8a62-59ff980fc8f2}</UniqueIdentifier>
    </Filter>
    <Filter Include="源文件\MazeGenerator">
      <UniqueIdentifier>{34dbf30c-71bc-4ba4-95ba-7ed1652664fa}</UniqueIdentifier>
    </Filter>
    <Filter Include="头文件\MazeGenerator">
      <UniqueIdentifier>{1dd4a2b6-6def-469f-a846-2727ddb0f42d}</UniqueIdentifier>
    </Filter>
    <Filter Include="源文件\UnifiedLevelSelector">
      <UniqueIdentifier>{561d35a0-cb70-4a6a-8746-951cee2d3d18}</UniqueIdentifier>
    </Filter>
    <Filter Include="头文件\UnifiedLevelSelector">
      <UniqueIdentifier>{41244977-faa6-4070-b3a7-59f6e613156a}</UniqueIdentifier>
    </Filter>
  </ItemGroup>
  <ItemGroup>
    <ClCompile Include="GameLogic.cpp">
      <Filter>源文件</Filter>
    </ClCompile>
    <ClCompile Include="DataRW\DataRW.cpp">
      <Filter>源文件\DataRW</Filter>
    </ClCompile>
    <ClCompile Include="Game\Game.cpp">
      <Filter>源文件\Game</Filter>
    </ClCompile>
    <ClCompile Include="Edit\Edit.cpp">
      <Filter>源文件\Edit</Filter>
    </ClCompile>
    <ClCompile Include="Layout\Layout.cpp">
      <Filter>源文件\Layout</Filter>
    </ClCompile>
    <ClCompile Include="MazeGenerator\MazeGenerator.cpp">
      <Filter>源文件\MazeGenerator</Filter>
    </ClCompile>
    <ClCompile Include="UnifiedLevelSelector\UnifiedLevelSelector.cpp">
      <Filter>源文件\UnifiedLevelSelector</Filter>
    </ClCompile>
  </ItemGroup>
  <ItemGroup>
    <ClInclude Include="resource.h">
      <Filter>头文件</Filter>
    </ClInclude>
    <ClInclude Include="DataRW\DataRW.h">
      <Filter>头文件\DataRW</Filter>
    </ClInclude>
    <ClInclude Include="Game\Game.h">
      <Filter>头文件\Game</Filter>
    </ClInclude>
    <ClInclude Include="Edit\Edit.h">
      <Filter>头文件\Edit</Filter>
    </ClInclude>
    <ClInclude Include="Layout\Layout.h">
      <Filter>头文件\Layout</Filter>
    </ClInclude>
    <ClInclude Include="MazeGenerator\MazeGenerator.h">
      <Filter>头文件\MazeGenerator</Filter>
    </ClInclude>
    <ClInclude Include="UnifiedLevelSelector\UnifiedLevelSelector.h">
      <Filter>头文件\UnifiedLevelSelector</Filter>
    </ClInclude>
  </ItemGroup>
  <ItemGroup>
    <ResourceCompile Include="GameLogic.rc">
      <Filter>资源文件</Filter>
    </ResourceCompile>
  </ItemGroup>
  <ItemGroup>
    <Image Include="GameLogic.ico">
      <Filter>资源文件</Filter>
    </Image>
  </ItemGroup>
</Project>